
Microsoft Visual Studio Solution File, Format Version 12.00
# Visual Studio Version 17
VisualStudioVersion = 17.6.33712.159
MinimumVisualStudioVersion = 10.0.40219.1
Project("{FAE04EC0-301F-11D3-BF4B-00C04F79EFBC}") = "TestBindingFromDictionary", "TestBindingFromDictionary\TestBindingFromDictionary.csproj", "{568BB7D8-1C57-4DC7-B0AF-447F066FCEF5}"
EndProject
Global
	GlobalSection(SolutionConfigurationPlatforms) = preSolution
		Debug|Any CPU = Debug|Any CPU
		Release|Any CPU = Release|Any CPU
	EndGlobalSection
	GlobalSection(ProjectConfigurationPlatforms) = postSolution
		{568BB7D8-1C57-4DC7-B0AF-447F066FCEF5}.Debug|Any CPU.ActiveCfg = Debug|Any CPU
		{568BB7D8-1C57-4DC7-B0AF-447F066FCEF5}.Debug|Any CPU.Build.0 = Debug|Any CPU
		{568BB7D8-1C57-4DC7-B0AF-447F066FCEF5}.Release|Any CPU.ActiveCfg = Release|Any CPU
		{568BB7D8-1C57-4DC7-B0AF-447F066FCEF5}.Release|Any CPU.Build.0 = Release|Any CPU
	EndGlobalSection
	GlobalSection(SolutionProperties) = preSolution
		HideSolutionNode = FALSE
	EndGlobalSection
	GlobalSection(ExtensibilityGlobals) = postSolution
		SolutionGuid = {C08A54D8-03CE-474B-A054-8118172B97EA}
	EndGlobalSection
EndGlobal
